
Microsoft Visual Studio Solution File, Format Version 12.00
# Visual Studio 14
VisualStudioVersion = 14.0.23107.0
MinimumVisualStudioVersion = 10.0.40219.1
Project("{FAE04EC0-301F-11D3-BF4B-00C04F79EFBC}") = "GameEngine", "GameEngine\GameEngine.csproj", "{CE8F1C31-F54D-4FA5-89E8-18B6A9362877}"
EndProject
Project("{FAE04EC0-301F-11D3-BF4B-00C04F79EFBC}") = "ConsoleMinesweeper", "ConsoleMinesweeper\ConsoleMinesweeper.csproj", "{56998024-6874-4CA6-B645-7C7E25566928}"
EndProject
Global
	GlobalSection(SolutionConfigurationPlatforms) = preSolution
		Debug|Any CPU = Debug|Any CPU
		Release|Any CPU = Release|Any CPU
	EndGlobalSection
	GlobalSection(ProjectConfigurationPlatforms) = postSolution
		{CE8F1C31-F54D-4FA5-89E8-18B6A9362877}.Debug|Any CPU.ActiveCfg = Debug|Any CPU
		{CE8F1C31-F54D-4FA5-89E8-18B6A9362877}.Debug|Any CPU.Build.0 = Debug|Any CPU
		{CE8F1C31-F54D-4FA5-89E8-18B6A9362877}.Release|Any CPU.ActiveCfg = Release|Any CPU
		{CE8F1C31-F54D-4FA5-89E8-18B6A9362877}.Release|Any CPU.Build.0 = Release|Any CPU
		{56998024-6874-4CA6-B645-7C7E25566928}.Debug|Any CPU.ActiveCfg = Debug|Any CPU
		{56998024-6874-4CA6-B645-7C7E25566928}.Debug|Any CPU.Build.0 = Debug|Any CPU
		{56998024-6874-4CA6-B645-7C7E25566928}.Release|Any CPU.ActiveCfg = Release|Any CPU
		{56998024-6874-4CA6-B645-7C7E25566928}.Release|Any CPU.Build.0 = Release|Any CPU
	EndGlobalSection
	GlobalSection(SolutionProperties) = preSolution
		HideSolutionNode = FALSE
	EndGlobalSection
EndGlobal
